
Microsoft Visual Studio Solution File, Format Version 12.00
# Visual Studio 15
VisualStudioVersion = 15.0.26430.16
MinimumVisualStudioVersion = 10.0.40219.1
Project("{FAE04EC0-301F-11D3-BF4B-00C04F79EFBC}") = "Exrin.Base", "Exrin.Base\Exrin.Base.csproj", "{BECDCC67-015D-4EEF-8029-6E9C923482DC}"
EndProject
Project("{FAE04EC0-301F-11D3-BF4B-00C04F79EFBC}") = "Exrin.Navigation.XamarinForms", "Exrin.Navigation.XamarinForms\Exrin.Navigation.XamarinForms.csproj", "{76751C0D-3ED4-4ADE-8515-76BC23892E8D}"
EndProject
Project("{FAE04EC0-301F-11D3-BF4B-00C04F79EFBC}") = "Exrin.IOC.LightInject", "Exrin.IOC.LightInject\Exrin.IOC.LightInject.csproj", "{1097050C-B689-4707-B9E5-FAD51BA4BC63}"
EndProject
Global
	GlobalSection(SolutionConfigurationPlatforms) = preSolution
		Debug|Any CPU = Debug|Any CPU
		Debug|x64 = Debug|x64
		Debug|x86 = Debug|x86
		Release|Any CPU = Release|Any CPU
		Release|x64 = Release|x64
		Release|x86 = Release|x86
	EndGlobalSection
	GlobalSection(ProjectConfigurationPlatforms) = postSolution
		{BECDCC67-015D-4EEF-8029-6E9C923482DC}.Debug|Any CPU.ActiveCfg = Debug|Any CPU
		{BECDCC67-015D-4EEF-8029-6E9C923482DC}.Debug|Any CPU.Build.0 = Debug|Any CPU
		{BECDCC67-015D-4EEF-8029-6E9C923482DC}.Debug|x64.ActiveCfg = Debug|Any CPU
		{BECDCC67-015D-4EEF-8029-6E9C923482DC}.Debug|x64.Build.0 = Debug|Any CPU
		{BECDCC67-015D-4EEF-8029-6E9C923482DC}.Debug|x86.ActiveCfg = Debug|Any CPU
		{BECDCC67-015D-4EEF-8029-6E9C923482DC}.Debug|x86.Build.0 = Debug|Any CPU
		{BECDCC67-015D-4EEF-8029-6E9C923482DC}.Release|Any CPU.ActiveCfg = Release|Any CPU
		{BECDCC67-015D-4EEF-8029-6E9C923482DC}.Release|Any CPU.Build.0 = Release|Any CPU
		{BECDCC67-015D-4EEF-8029-6E9C923482DC}.Release|x64.ActiveCfg = Release|Any CPU
		{BECDCC67-015D-4EEF-8029-6E9C923482DC}.Release|x64.Build.0 = Release|Any CPU
		{BECDCC67-015D-4EEF-8029-6E9C923482DC}.Release|x86.ActiveCfg = Release|Any CPU
		{BECDCC67-015D-4EEF-8029-6E9C923482DC}.Release|x86.Build.0 = Release|Any CPU
		{76751C0D-3ED4-4ADE-8515-76BC23892E8D}.Debug|Any CPU.ActiveCfg = Debug|Any CPU
		{76751C0D-3ED4-4ADE-8515-76BC23892E8D}.Debug|Any CPU.Build.0 = Debug|Any CPU
		{76751C0D-3ED4-4ADE-8515-76BC23892E8D}.Debug|x64.ActiveCfg = Debug|Any CPU
		{76751C0D-3ED4-4ADE-8515-76BC23892E8D}.Debug|x64.Build.0 = Debug|Any CPU
		{76751C0D-3ED4-4ADE-8515-76BC23892E8D}.Debug|x86.ActiveCfg = Debug|Any CPU
		{76751C0D-3ED4-4ADE-8515-76BC23892E8D}.Debug|x86.Build.0 = Debug|Any CPU
		{76751C0D-3ED4-4ADE-8515-76BC23892E8D}.Release|Any CPU.ActiveCfg = Release|Any CPU
		{76751C0D-3ED4-4ADE-8515-76BC23892E8D}.Release|Any CPU.Build.0 = Release|Any CPU
		{76751C0D-3ED4-4ADE-8515-76BC23892E8D}.Release|x64.ActiveCfg = Release|Any CPU
		{76751C0D-3ED4-4ADE-8515-76BC23892E8D}.Release|x64.Build.0 = Release|Any CPU
		{76751C0D-3ED4-4ADE-8515-76BC23892E8D}.Release|x86.ActiveCfg = Release|Any CPU
		{76751C0D-3ED4-4ADE-8515-76BC23892E8D}.Release|x86.Build.0 = Release|Any CPU
		{1097050C-B689-4707-B9E5-FAD51BA4BC63}.Debug|Any CPU.ActiveCfg = Debug|Any CPU
		{1097050C-B689-4707-B9E5-FAD51BA4BC63}.Debug|Any CPU.Build.0 = Debug|Any CPU
		{1097050C-B689-4707-B9E5-FAD51BA4BC63}.Debug|x64.ActiveCfg = Debug|Any CPU
		{1097050C-B689-4707-B9E5-FAD51BA4BC63}.Debug|x64.Build.0 = Debug|Any CPU
		{1097050C-B689-4707-B9E5-FAD51BA4BC63}.Debug|x86.ActiveCfg = Debug|Any CPU
		{1097050C-B689-4707-B9E5-FAD51BA4BC63}.Debug|x86.Build.0 = Debug|Any CPU
		{1097050C-B689-4707-B9E5-FAD51BA4BC63}.Release|Any CPU.ActiveCfg = Release|Any CPU
		{1097050C-B689-4707-B9E5-FAD51BA4BC63}.Release|Any CPU.Build.0 = Release|Any CPU
		{1097050C-B689-4707-B9E5-FAD51BA4BC63}.Release|x64.ActiveCfg = Release|Any CPU
		{1097050C-B689-4707-B9E5-FAD51BA4BC63}.Release|x64.Build.0 = Release|Any CPU
		{1097050C-B689-4707-B9E5-FAD51BA4BC63}.Release|x86.ActiveCfg = Release|Any CPU
		{1097050C-B689-4707-B9E5-FAD51BA4BC63}.Release|x86.Build.0 = Release|Any CPU
	EndGlobalSection
	GlobalSection(SolutionProperties) = preSolution
		HideSolutionNode = FALSE
	EndGlobalSection
EndGlobal
